{
    "_meta": {
        "hash": {
            "sha256": "d4b5ee16ba82064c92a6d323df5f3f379a0f36e0552d92c051791c4e6dd63095"
        },
        "pipfile-spec": 6,
        "requires": {
            "python_version": "3.10"
        },
        "sources": [
            {
                "name": "pypi",
                "url": "https://pypi.org/simple",
                "verify_ssl": true
            }
        ]
    },
    "default": {
        "pip": {
            "hashes": [
                "sha256:deaf32dcd9ab821e359cd8330786bcd077604b5c5730c0b096eda46f95c24a2d",
                "sha256:fd11ba3d0fdb4c07fbc5ecbba0b1b719809420f25038f8ee3cd913d3faa3033a"
            ],
            "index": "pypi",
            "version": "==21.3.1"
        }
    },
    "develop": {}
}
